<?xml version="1.0" encoding="utf-8"?>
<Project ToolsVersion="4.0" xmlns="http://schemas.microsoft.com/developer/msbuild/2003">
  <ItemGroup>
    <ClInclude Include="..\..\neon\core\interface\neon_interface.h">
      <Filter>interface</Filter>
    </ClInclude>
    <ClInclude Include="..\..\neon\core\interface\glfw_interface.h">
      <Filter>interface</Filter>
    </ClInclude>
    <ClInclude Include="..\..\neon\core\engine\common.h">
      <Filter>engine</Filter>
    </ClInclude>
    <ClInclude Include="..\..\neon\core\engine\engine.h">
      <Filter>engine</Filter>
    </ClInclude>
    <ClInclude Include="..\..\neon\core\engine\application.h">
      <Filter>engine</Filter>
    </ClInclude>
  </ItemGroup>
  <ItemGroup>
    <ClCompile Include="..\..\neon\core\interface\neon_interface.cpp">
      <Filter>interface</Filter>
    </ClCompile>
    <ClCompile Include="..\..\neon\core\interface\glfw_interface.cpp">
      <Filter>interface</Filter>
    </ClCompile>
    <ClCompile Include="..\..\neon\core\engine\common.cpp">
      <Filter>engine</Filter>
    </ClCompile>
    <ClCompile Include="..\..\neon\core\engine\engine.cpp">
      <Filter>engine</Filter>
    </ClCompile>
    <ClCompile Include="..\..\neon\core\engine\main.cpp">
      <Filter>engine</Filter>
    </ClCompile>
  </ItemGroup>
  <ItemGroup>
    <Filter Include="interface">
      <UniqueIdentifier>{b909b33d-b54c-44e6-af2d-7e1d832697a4}</UniqueIdentifier>
    </Filter>
    <Filter Include="engine">
      <UniqueIdentifier>{05bade18-501c-46ce-9250-0b8b07ecf9ec}</UniqueIdentifier>
    </Filter>
  </ItemGroup>
</Project>