<?xml version="1.0" encoding="utf-8"?>
<Project ToolsVersion="4.0" xmlns="http://schemas.microsoft.com/developer/msbuild/2003">
  <ItemGroup>
    <ClInclude Include="..\..\neon\core\interface\neon_interface.h">
      <Filter>interface</Filter>
    </ClInclude>
    <ClInclude Include="..\..\neon\core\interface\glfw_interface.h">
      <Filter>interface</Filter>
    </ClInclude>
    <ClInclude Include="..\..\neon\core\engine\common.h">
      <Filter>engine</Filter>
    </ClInclude>
    <ClInclude Include="..\..\neon\core\engine\engine.h">
      <Filter>engine</Filter>
    </ClInclude>
    <ClInclude Include="..\..\neon\core\engine\application.h">
      <Filter>engine</Filter>
    </ClInclude>
    <ClInclude Include="..\..\neon\core\glad\glad.h">
      <Filter>glad</Filter>
    </ClInclude>
    <ClInclude Include="..\..\neon\core\glad\khrplatform.h">
      <Filter>glad</Filter>
    </ClInclude>
    <ClInclude Include="..\..\neon\core\renderer\renderer.h">
      <Filter>renderer</Filter>
    </ClInclude>
    <ClInclude Include="..\..\neon\core\renderer\model.h">
      <Filter>renderer</Filter>
    </ClInclude>
    <ClInclude Include="..\..\neon\core\renderer\model_manager.h">
      <Filter>renderer</Filter>
    </ClInclude>
    <ClInclude Include="..\..\neon\core\renderer\opengl_header.h">
      <Filter>renderer</Filter>
    </ClInclude>
    <ClInclude Include="..\..\neon\core\renderer\shader.h">
      <Filter>renderer</Filter>
    </ClInclude>
    <ClInclude Include="..\..\neon\external\soil\SOIL.h">
      <Filter>external\soil</Filter>
    </ClInclude>
    <ClInclude Include="..\..\neon\external\soil\src\stb_image_aug.h">
      <Filter>external\soil\src</Filter>
    </ClInclude>
    <ClInclude Include="..\..\neon\external\soil\src\stbi_DDS_aug.h">
      <Filter>external\soil\src</Filter>
    </ClInclude>
    <ClInclude Include="..\..\neon\external\soil\src\stbi_DDS_aug_c.h">
      <Filter>external\soil\src</Filter>
    </ClInclude>
    <ClInclude Include="..\..\neon\external\soil\src\image_DXT.h">
      <Filter>external\soil\src</Filter>
    </ClInclude>
    <ClInclude Include="..\..\neon\external\soil\src\image_helper.h">
      <Filter>external\soil\src</Filter>
    </ClInclude>
    <ClInclude Include="..\..\neon\core\renderer\texture.h">
      <Filter>renderer</Filter>
    </ClInclude>
    <ClInclude Include="..\..\neon\core\engine\camera_base.h">
      <Filter>engine</Filter>
    </ClInclude>
    <ClInclude Include="..\..\neon\core\engine\camera.h">
      <Filter>engine</Filter>
    </ClInclude>
    <ClInclude Include="..\..\neon\core\engine\orbit_camera.h">
      <Filter>engine</Filter>
    </ClInclude>    <ClInclude Include="..\..\neon\core\interface\sdl2_interface.h">
      <Filter>interface</Filter>    </ClInclude>  </ItemGroup>
  <ItemGroup>
    <ClCompile Include="..\..\neon\core\interface\neon_interface.cpp">
      <Filter>interface</Filter>
    </ClCompile>
    <ClCompile Include="..\..\neon\core\interface\glfw_interface.cpp">
      <Filter>interface</Filter>
    </ClCompile>
    <ClCompile Include="..\..\neon\core\engine\common.cpp">
      <Filter>engine</Filter>
    </ClCompile>
    <ClCompile Include="..\..\neon\core\engine\engine.cpp">
      <Filter>engine</Filter>
    </ClCompile>
    <ClCompile Include="..\..\neon\core\engine\main.cpp">
      <Filter>engine</Filter>
    </ClCompile>
    <ClCompile Include="..\..\neon\core\glad\glad.c">
      <Filter>glad</Filter>
    </ClCompile>
    <ClCompile Include="..\..\neon\core\renderer\renderer.cpp">
      <Filter>renderer</Filter>
    </ClCompile>
    <ClCompile Include="..\..\neon\core\renderer\model.cpp">
      <Filter>renderer</Filter>
    </ClCompile>
    <ClCompile Include="..\..\neon\core\renderer\model_manager.cpp">
      <Filter>renderer</Filter>
    </ClCompile>
    <ClCompile Include="..\..\neon\core\renderer\shader.cpp">
      <Filter>renderer</Filter>
    </ClCompile>
    <ClCompile Include="..\..\neon\external\soil\src\stb_image_aug.c">
      <Filter>external\soil\src</Filter>
    </ClCompile>
    <ClCompile Include="..\..\neon\external\soil\src\image_DXT.c">
      <Filter>external\soil\src</Filter>
    </ClCompile>
    <ClCompile Include="..\..\neon\external\soil\src\image_helper.c">
      <Filter>external\soil\src</Filter>
    </ClCompile>
    <ClCompile Include="..\..\neon\external\soil\src\SOIL.c">
      <Filter>external\soil\src</Filter>
    </ClCompile>
    <ClCompile Include="..\..\neon\core\renderer\texture.cpp">
      <Filter>renderer</Filter>
    </ClCompile>
    <ClCompile Include="..\..\neon\core\engine\camera.cpp">
      <Filter>engine</Filter>
    </ClCompile>
    <ClCompile Include="..\..\neon\core\engine\camera_base.cpp">
      <Filter>engine</Filter>
    </ClCompile>
<<<<<<< .mine
    <ClCompile Include="..\..\neon\core\interface\sdl2_interface.cpp">
      <Filter>interface</Filter>
    </ClCompile>
=======
    <ClCompile Include="..\..\neon\core\engine\orbit_camera.cpp">
      <Filter>engine</Filter>
    </ClCompile>
>>>>>>> .theirs
  </ItemGroup>
  <ItemGroup>
    <Filter Include="interface">
      <UniqueIdentifier>{b909b33d-b54c-44e6-af2d-7e1d832697a4}</UniqueIdentifier>
    </Filter>
    <Filter Include="engine">
      <UniqueIdentifier>{05bade18-501c-46ce-9250-0b8b07ecf9ec}</UniqueIdentifier>
    </Filter>
    <Filter Include="renderer">
      <UniqueIdentifier>{fa7a9bea-3784-42da-bb5a-ef4b24bdf202}</UniqueIdentifier>
    </Filter>
    <Filter Include="glad">
      <UniqueIdentifier>{b68c5c37-4aa8-42f9-b373-c3bd8a70992e}</UniqueIdentifier>
    </Filter>
    <Filter Include="external">
      <UniqueIdentifier>{98bf14ec-32dd-47ad-a9c5-8e85519c5e6a}</UniqueIdentifier>
    </Filter>
    <Filter Include="external\soil">
      <UniqueIdentifier>{6904be0c-4a9f-4074-889e-c8315b9547c4}</UniqueIdentifier>
    </Filter>
    <Filter Include="external\soil\src">
      <UniqueIdentifier>{67e5a14d-3976-4de0-961b-27b0b99dc313}</UniqueIdentifier>
    </Filter>
  </ItemGroup>
  <ItemGroup>
    <Text Include="..\..\neon\readme.txt" />
    <Text Include="..\..\neon\core\renderer\note_glsl_version_details.txt">
      <Filter>renderer</Filter>
    </Text>
  </ItemGroup>
</Project>